
Microsoft Visual Studio Solution File, Format Version 12.00
# Visual Studio Version 17
VisualStudioVersion = 17.14.36811.4
MinimumVisualStudioVersion = 10.0.40219.1
Project("{FAE04EC0-301F-11D3-BF4B-00C04F79EFBC}") = "ClassDomainMRL", "ClassDomainMRL\ClassDomainMRL.csproj", "{DD1D1178-AD50-484F-B995-490CF1944579}"
EndProject
Project("{FAE04EC0-301F-11D3-BF4B-00C04F79EFBC}") = "ClassDataMRL", "ClassDataMRL\ClassDataMRL.csproj", "{665BDA7A-280B-4476-B8DF-C440C859F1E2}"
EndProject
Project("{FAE04EC0-301F-11D3-BF4B-00C04F79EFBC}") = "WebAPIMRL", "WebAPIMRL\WebAPIMRL.csproj", "{C22C4E98-CA30-80B6-3A54-63321724146A}"
EndProject
Project("{FAE04EC0-301F-11D3-BF4B-00C04F79EFBC}") = "ClassApplicationMRL", "ClassApplicationMRL\ClassApplicationMRL.csproj", "{182FD39F-E26A-F8AD-EF2C-F32B404AE9FD}"
EndProject
Project("{FAE04EC0-301F-11D3-BF4B-00C04F79EFBC}") = "PortalWebMRL", "PortalWebMRL\PortalWebMRL.csproj", "{6737938F-F2A5-45FC-B50B-9479FD7380DB}"
EndProject
Project("{E24C65DC-7377-472B-9ABA-BC803B73C61A}") = "PortalAngularMRL", "PortalAngularMRL\", "{5BE83E44-6415-1F25-1FB5-D7CC2B81C781}"
	ProjectSection(WebsiteProperties) = preProject
		TargetFrameworkMoniker = ".NETFramework,Version%3Dv4.8"
		Debug.AspNetCompiler.VirtualPath = "/localhost_62692"
		Debug.AspNetCompiler.PhysicalPath = "PortalAngularMRL\"
		Debug.AspNetCompiler.TargetPath = "PrecompiledWeb\localhost_62692\"
		Debug.AspNetCompiler.Updateable = "true"
		Debug.AspNetCompiler.ForceOverwrite = "true"
		Debug.AspNetCompiler.FixedNames = "false"
		Debug.AspNetCompiler.Debug = "True"
		Release.AspNetCompiler.VirtualPath = "/localhost_62692"
		Release.AspNetCompiler.PhysicalPath = "PortalAngularMRL\"
		Release.AspNetCompiler.TargetPath = "PrecompiledWeb\localhost_62692\"
		Release.AspNetCompiler.Updateable = "true"
		Release.AspNetCompiler.ForceOverwrite = "true"
		Release.AspNetCompiler.FixedNames = "false"
		Release.AspNetCompiler.Debug = "False"
		VWDPort = "62692"
		SlnRelativePath = "PortalAngularMRL\"
	EndProjectSection
EndProject
Global
	GlobalSection(SolutionConfigurationPlatforms) = preSolution
		Debug|Any CPU = Debug|Any CPU
		Release|Any CPU = Release|Any CPU
	EndGlobalSection
	GlobalSection(ProjectConfigurationPlatforms) = postSolution
		{DD1D1178-AD50-484F-B995-490CF1944579}.Debug|Any CPU.ActiveCfg = Debug|Any CPU
		{DD1D1178-AD50-484F-B995-490CF1944579}.Debug|Any CPU.Build.0 = Debug|Any CPU
		{DD1D1178-AD50-484F-B995-490CF1944579}.Release|Any CPU.ActiveCfg = Release|Any CPU
		{DD1D1178-AD50-484F-B995-490CF1944579}.Release|Any CPU.Build.0 = Release|Any CPU
		{665BDA7A-280B-4476-B8DF-C440C859F1E2}.Debug|Any CPU.ActiveCfg = Debug|Any CPU
		{665BDA7A-280B-4476-B8DF-C440C859F1E2}.Debug|Any CPU.Build.0 = Debug|Any CPU
		{665BDA7A-280B-4476-B8DF-C440C859F1E2}.Release|Any CPU.ActiveCfg = Release|Any CPU
		{665BDA7A-280B-4476-B8DF-C440C859F1E2}.Release|Any CPU.Build.0 = Release|Any CPU
		{C22C4E98-CA30-80B6-3A54-63321724146A}.Debug|Any CPU.ActiveCfg = Debug|Any CPU
		{C22C4E98-CA30-80B6-3A54-63321724146A}.Debug|Any CPU.Build.0 = Debug|Any CPU
		{C22C4E98-CA30-80B6-3A54-63321724146A}.Release|Any CPU.ActiveCfg = Release|Any CPU
		{C22C4E98-CA30-80B6-3A54-63321724146A}.Release|Any CPU.Build.0 = Release|Any CPU
		{182FD39F-E26A-F8AD-EF2C-F32B404AE9FD}.Debug|Any CPU.ActiveCfg = Debug|Any CPU
		{182FD39F-E26A-F8AD-EF2C-F32B404AE9FD}.Debug|Any CPU.Build.0 = Debug|Any CPU
		{182FD39F-E26A-F8AD-EF2C-F32B404AE9FD}.Release|Any CPU.ActiveCfg = Release|Any CPU
		{182FD39F-E26A-F8AD-EF2C-F32B404AE9FD}.Release|Any CPU.Build.0 = Release|Any CPU
		{6737938F-F2A5-45FC-B50B-9479FD7380DB}.Debug|Any CPU.ActiveCfg = Debug|Any CPU
		{6737938F-F2A5-45FC-B50B-9479FD7380DB}.Debug|Any CPU.Build.0 = Debug|Any CPU
		{6737938F-F2A5-45FC-B50B-9479FD7380DB}.Release|Any CPU.ActiveCfg = Release|Any CPU
		{6737938F-F2A5-45FC-B50B-9479FD7380DB}.Release|Any CPU.Build.0 = Release|Any CPU
		{5BE83E44-6415-1F25-1FB5-D7CC2B81C781}.Debug|Any CPU.ActiveCfg = Debug|Any CPU
		{5BE83E44-6415-1F25-1FB5-D7CC2B81C781}.Debug|Any CPU.Build.0 = Debug|Any CPU
		{5BE83E44-6415-1F25-1FB5-D7CC2B81C781}.Release|Any CPU.ActiveCfg = Debug|Any CPU
		{5BE83E44-6415-1F25-1FB5-D7CC2B81C781}.Release|Any CPU.Build.0 = Debug|Any CPU
	EndGlobalSection
	GlobalSection(SolutionProperties) = preSolution
		HideSolutionNode = FALSE
	EndGlobalSection
	GlobalSection(ExtensibilityGlobals) = postSolution
		SolutionGuid = {26D2FE9F-0FC1-4FCD-AA69-96B01B733CF5}
	EndGlobalSection
EndGlobal
